
Microsoft Visual Studio Solution File, Format Version 12.00
# Visual Studio Version 17
VisualStudioVersion = 17.8.34408.163
MinimumVisualStudioVersion = 10.0.40219.1
Project("{FAE04EC0-301F-11D3-BF4B-00C04F79EFBC}") = "masconsulta", "masconsulta\masconsulta.csproj", "{BBBFD729-9B9A-40D9-B541-28BF8577AD24}"
EndProject
Global
	GlobalSection(SolutionConfigurationPlatforms) = preSolution
		Debug|Any CPU = Debug|Any CPU
		Release|Any CPU = Release|Any CPU
	EndGlobalSection
	GlobalSection(ProjectConfigurationPlatforms) = postSolution
		{BBBFD729-9B9A-40D9-B541-28BF8577AD24}.Debug|Any CPU.ActiveCfg = Debug|Any CPU
		{BBBFD729-9B9A-40D9-B541-28BF8577AD24}.Debug|Any CPU.Build.0 = Debug|Any CPU
		{BBBFD729-9B9A-40D9-B541-28BF8577AD24}.Release|Any CPU.ActiveCfg = Release|Any CPU
		{BBBFD729-9B9A-40D9-B541-28BF8577AD24}.Release|Any CPU.Build.0 = Release|Any CPU
	EndGlobalSection
	GlobalSection(SolutionProperties) = preSolution
		HideSolutionNode = FALSE
	EndGlobalSection
	GlobalSection(ExtensibilityGlobals) = postSolution
		SolutionGuid = {837F7138-49EB-4932-9061-F0E49F9046E0}
	EndGlobalSection
EndGlobal
